
Microsoft Visual Studio Solution File, Format Version 12.00
# Visual Studio 2012
Project("{FAE04EC0-301F-11D3-BF4B-00C04F79EFBC}") = "DesignPatternsCsharp.Patterns", "DesignPatternsCsharp.Patterns\DesignPatternsCsharp.Patterns.csproj", "{02358D60-7758-4F1C-9D14-FBB5D1E0C8CF}"
EndProject
Project("{FAE04EC0-301F-11D3-BF4B-00C04F79EFBC}") = "DesignPatternsCsharp.Test", "DesignPatternsCsharp.Test\DesignPatternsCsharp.Test.csproj", "{BAE9AD96-4709-46F4-98EC-AE23B6CFC995}"
EndProject
Global
	GlobalSection(SolutionConfigurationPlatforms) = preSolution
		Debug|Any CPU = Debug|Any CPU
		Release|Any CPU = Release|Any CPU
	EndGlobalSection
	GlobalSection(ProjectConfigurationPlatforms) = postSolution
		{02358D60-7758-4F1C-9D14-FBB5D1E0C8CF}.Debug|Any CPU.ActiveCfg = Debug|Any CPU
		{02358D60-7758-4F1C-9D14-FBB5D1E0C8CF}.Debug|Any CPU.Build.0 = Debug|Any CPU
		{02358D60-7758-4F1C-9D14-FBB5D1E0C8CF}.Release|Any CPU.ActiveCfg = Release|Any CPU
		{02358D60-7758-4F1C-9D14-FBB5D1E0C8CF}.Release|Any CPU.Build.0 = Release|Any CPU
		{BAE9AD96-4709-46F4-98EC-AE23B6CFC995}.Debug|Any CPU.ActiveCfg = Debug|Any CPU
		{BAE9AD96-4709-46F4-98EC-AE23B6CFC995}.Debug|Any CPU.Build.0 = Debug|Any CPU
		{BAE9AD96-4709-46F4-98EC-AE23B6CFC995}.Release|Any CPU.ActiveCfg = Release|Any CPU
		{BAE9AD96-4709-46F4-98EC-AE23B6CFC995}.Release|Any CPU.Build.0 = Release|Any CPU
	EndGlobalSection
EndGlobal
